{
  "name": "notekeeper",
  "version": "3.1.1",
  "lockfileVersion": 1,
  "requires": true,
  "dependencies": {
    "flow-code-description": {
      "version": "2.0.0",
      "resolved": "https://registry.npmjs.org/flow-code-description/-/flow-code-description-2.0.0.tgz",
      "integrity": "sha512-u5AfEau7cDcOLmPhcmu3dcbyJhI6TMwWrdP1A5RuJqijHgmlzIqn6FJAe9dMSOUBbLH31U9g7NkhmtNIhKAS8Q=="
    },
    "fs-handy-wraps": {
      "version": "1.2.0",
      "resolved": "https://registry.npmjs.org/fs-handy-wraps/-/fs-handy-wraps-1.2.0.tgz",
      "integrity": "sha512-I+RdrqcaRGba5XhIzE4RcK4jmOe5tDXtNYhs7HcUvDUoRnhDnBsdhHLZFKVUwa2ecW7fPo+gUe7b4qsNYhd81g=="
    },
    "parser-template": {
      "version": "1.0.1",
      "resolved": "https://registry.npmjs.org/parser-template/-/parser-template-1.0.1.tgz",
      "integrity": "sha512-Zest1j/eB8NZpPFLsEEpeoUrQ7Jo50Cz7xK9fHA4292TUhjGixUzXKPinTdVVGeJK0MWd5eBresNqQt2OC+IVw=="
    }
  }
}
